
Microsoft Visual Studio Solution File, Format Version 12.00
# Visual Studio Version 17
VisualStudioVersion = 17.7.34202.233
MinimumVisualStudioVersion = 10.0.40219.1
Project("{FAE04EC0-301F-11D3-BF4B-00C04F79EFBC}") = "RankCinefilo", "RankCinefilo.csproj", "{23E82786-34F3-4488-9AC7-67F9A3EF5B4E}"
EndProject
Project("{FAE04EC0-301F-11D3-BF4B-00C04F79EFBC}") = "Domain", "..\Domain\Domain.csproj", "{1489B9BF-62E5-4378-9C35-79A2F72952E8}"
EndProject
Project("{FAE04EC0-301F-11D3-BF4B-00C04F79EFBC}") = "Service", "..\Service\Service.csproj", "{30520142-3EDD-40A3-9693-D207890980E0}"
EndProject
Project("{FAE04EC0-301F-11D3-BF4B-00C04F79EFBC}") = "CrossCutting", "..\CrossCutting\CrossCutting.csproj", "{4BFB92F2-D246-4436-B950-A369386F6EEF}"
EndProject
Project("{FAE04EC0-301F-11D3-BF4B-00C04F79EFBC}") = "Data", "..\Data\Data.csproj", "{C5DAD229-4DDC-4E0B-877C-E38CA90A7D5C}"
EndProject
Global
	GlobalSection(SolutionConfigurationPlatforms) = preSolution
		Debug|Any CPU = Debug|Any CPU
		Release|Any CPU = Release|Any CPU
	EndGlobalSection
	GlobalSection(ProjectConfigurationPlatforms) = postSolution
		{23E82786-34F3-4488-9AC7-67F9A3EF5B4E}.Debug|Any CPU.ActiveCfg = Debug|Any CPU
		{23E82786-34F3-4488-9AC7-67F9A3EF5B4E}.Debug|Any CPU.Build.0 = Debug|Any CPU
		{23E82786-34F3-4488-9AC7-67F9A3EF5B4E}.Release|Any CPU.ActiveCfg = Release|Any CPU
		{23E82786-34F3-4488-9AC7-67F9A3EF5B4E}.Release|Any CPU.Build.0 = Release|Any CPU
		{1489B9BF-62E5-4378-9C35-79A2F72952E8}.Debug|Any CPU.ActiveCfg = Debug|Any CPU
		{1489B9BF-62E5-4378-9C35-79A2F72952E8}.Debug|Any CPU.Build.0 = Debug|Any CPU
		{1489B9BF-62E5-4378-9C35-79A2F72952E8}.Release|Any CPU.ActiveCfg = Release|Any CPU
		{1489B9BF-62E5-4378-9C35-79A2F72952E8}.Release|Any CPU.Build.0 = Release|Any CPU
		{30520142-3EDD-40A3-9693-D207890980E0}.Debug|Any CPU.ActiveCfg = Debug|Any CPU
		{30520142-3EDD-40A3-9693-D207890980E0}.Debug|Any CPU.Build.0 = Debug|Any CPU
		{30520142-3EDD-40A3-9693-D207890980E0}.Release|Any CPU.ActiveCfg = Release|Any CPU
		{30520142-3EDD-40A3-9693-D207890980E0}.Release|Any CPU.Build.0 = Release|Any CPU
		{4BFB92F2-D246-4436-B950-A369386F6EEF}.Debug|Any CPU.ActiveCfg = Debug|Any CPU
		{4BFB92F2-D246-4436-B950-A369386F6EEF}.Debug|Any CPU.Build.0 = Debug|Any CPU
		{4BFB92F2-D246-4436-B950-A369386F6EEF}.Release|Any CPU.ActiveCfg = Release|Any CPU
		{4BFB92F2-D246-4436-B950-A369386F6EEF}.Release|Any CPU.Build.0 = Release|Any CPU
		{C5DAD229-4DDC-4E0B-877C-E38CA90A7D5C}.Debug|Any CPU.ActiveCfg = Debug|Any CPU
		{C5DAD229-4DDC-4E0B-877C-E38CA90A7D5C}.Debug|Any CPU.Build.0 = Debug|Any CPU
		{C5DAD229-4DDC-4E0B-877C-E38CA90A7D5C}.Release|Any CPU.ActiveCfg = Release|Any CPU
		{C5DAD229-4DDC-4E0B-877C-E38CA90A7D5C}.Release|Any CPU.Build.0 = Release|Any CPU
	EndGlobalSection
	GlobalSection(SolutionProperties) = preSolution
		HideSolutionNode = FALSE
	EndGlobalSection
	GlobalSection(ExtensibilityGlobals) = postSolution
		SolutionGuid = {6F58DF38-1D50-4E77-A27C-E3EF32793A7D}
	EndGlobalSection
EndGlobal
